
Microsoft Visual Studio Solution File, Format Version 12.00
# Visual Studio Version 16
VisualStudioVersion = 16.0.29721.120
MinimumVisualStudioVersion = 10.0.40219.1
Project("{9A19103F-16F7-4668-BE54-9A1E7A4F7556}") = "FolderConsolidate", "FolderConsolidate\FolderConsolidate.csproj", "{5A06175E-A046-44ED-9616-A19E21DD3F7C}"
EndProject
Global
	GlobalSection(SolutionConfigurationPlatforms) = preSolution
		Debug|Any CPU = Debug|Any CPU
		Release|Any CPU = Release|Any CPU
	EndGlobalSection
	GlobalSection(ProjectConfigurationPlatforms) = postSolution
		{5A06175E-A046-44ED-9616-A19E21DD3F7C}.Debug|Any CPU.ActiveCfg = Debug|Any CPU
		{5A06175E-A046-44ED-9616-A19E21DD3F7C}.Debug|Any CPU.Build.0 = Debug|Any CPU
		{5A06175E-A046-44ED-9616-A19E21DD3F7C}.Release|Any CPU.ActiveCfg = Release|Any CPU
		{5A06175E-A046-44ED-9616-A19E21DD3F7C}.Release|Any CPU.Build.0 = Release|Any CPU
	EndGlobalSection
	GlobalSection(SolutionProperties) = preSolution
		HideSolutionNode = FALSE
	EndGlobalSection
	GlobalSection(ExtensibilityGlobals) = postSolution
		SolutionGuid = {AFEF03D7-5E9B-4A40-9858-5C4A8396F1C7}
	EndGlobalSection
EndGlobal
